
Microsoft Visual Studio Solution File, Format Version 12.00
# Visual Studio 15
VisualStudioVersion = 15.0.28010.0
MinimumVisualStudioVersion = 10.0.40219.1
Project("{FAE04EC0-301F-11D3-BF4B-00C04F79EFBC}") = "VoteMeIfYouCan", "VoteMeIfYouCan\VoteMeIfYouCan.csproj", "{48DFDDF3-686C-4778-8116-70AEACAEB684}"
EndProject
Global
	GlobalSection(SolutionConfigurationPlatforms) = preSolution
		Debug|Any CPU = Debug|Any CPU
		Release|Any CPU = Release|Any CPU
	EndGlobalSection
	GlobalSection(ProjectConfigurationPlatforms) = postSolution
		{48DFDDF3-686C-4778-8116-70AEACAEB684}.Debug|Any CPU.ActiveCfg = Debug|Any CPU
		{48DFDDF3-686C-4778-8116-70AEACAEB684}.Debug|Any CPU.Build.0 = Debug|Any CPU
		{48DFDDF3-686C-4778-8116-70AEACAEB684}.Release|Any CPU.ActiveCfg = Release|Any CPU
		{48DFDDF3-686C-4778-8116-70AEACAEB684}.Release|Any CPU.Build.0 = Release|Any CPU
	EndGlobalSection
	GlobalSection(SolutionProperties) = preSolution
		HideSolutionNode = FALSE
	EndGlobalSection
	GlobalSection(ExtensibilityGlobals) = postSolution
		SolutionGuid = {A61D6038-9E53-4AA9-AE75-4130944398E8}
	EndGlobalSection
EndGlobal
